// !$*UTF8*$!
{
	archiveVersion = 1;
	classes = {
	};
	objectVersion = 46;
	objects = {

/* Begin PBXBuildFile section */
		8C15241B1F10A10500819736 /* AppDelegate.swift in Sources */ = {isa = PBXBuildFile; fileRef = 8C15241A1F10A10500819736 /* AppDelegate.swift */; };
		8C15241D1F10A10500819736 /* ViewController.swift in Sources */ = {isa = PBXBuildFile; fileRef = 8C15241C1F10A10500819736 /* ViewController.swift */; };
		8C1524201F10A10500819736 /* Main.storyboard in Resources */ = {isa = PBXBuildFile; fileRef = 8C15241E1F10A10500819736 /* Main.storyboard */; };
		8C1524221F10A10500819736 /* Assets.xcassets in Resources */ = {isa = PBXBuildFile; fileRef = 8C1524211F10A10500819736 /* Assets.xcassets */; };
		8C1524251F10A10500819736 /* LaunchScreen.storyboard in Resources */ = {isa = PBXBuildFile; fileRef = 8C1524231F10A10500819736 /* LaunchScreen.storyboard */; };
		8C1524301F10A10500819736 /* BurgerFlipperTests.swift in Sources */ = {isa = PBXBuildFile; fileRef = 8C15242F1F10A10500819736 /* BurgerFlipperTests.swift */; };
		8C15243B1F10A10500819736 /* BurgerFlipperUITests.swift in Sources */ = {isa = PBXBuildFile; fileRef = 8C15243A1F10A10500819736 /* BurgerFlipperUITests.swift */; };
		8C9DE5B31F11CFE400E9E670 /* KDCircularProgress.swift in Sources */ = {isa = PBXBuildFile; fileRef = 8C9DE5B21F11CFE400E9E670 /* KDCircularProgress.swift */; };
		F40C979B1F12DCF2007C20A5 /* bgm.mp3 in Resources */ = {isa = PBXBuildFile; fileRef = F40C979A1F12DBE0007C20A5 /* bgm.mp3 */; };
		F40C979E1F12E649007C20A5 /* flip.wav in Resources */ = {isa = PBXBuildFile; fileRef = F40C979C1F12E61E007C20A5 /* flip.wav */; };
/* End PBXBuildFile section */

/* Begin PBXContainerItemProxy section */
		8C15242C1F10A10500819736 /* PBXContainerItemProxy */ = {
			isa = PBXContainerItemProxy;
			containerPortal = 8C15240F1F10A10500819736 /* Project object */;
			proxyType = 1;
			remoteGlobalIDString = 8C1524161F10A10500819736;
			remoteInfo = BurgerFlipper;
		};
		8C1524371F10A10500819736 /* PBXContainerItemProxy */ = {
			isa = PBXContainerItemProxy;
			containerPortal = 8C15240F1F10A10500819736 /* Project object */;
			proxyType = 1;
			remoteGlobalIDString = 8C1524161F10A10500819736;
			remoteInfo = BurgerFlipper;
		};
/* End PBXContainerItemProxy section */

/* Begin PBXFileReference section */
		8C1524171F10A10500819736 /* BurgerFlipper.app */ = {isa = PBXFileReference; explicitFileType = wrapper.application; includeInIndex = 0; path = BurgerFlipper.app; sourceTree = BUILT_PRODUCTS_DIR; };
		8C15241A1F10A10500819736 /* AppDelegate.swift */ = {isa = PBXFileReference; lastKnownFileType = sourcecode.swift; path = AppDelegate.swift; sourceTree = "<group>"; };
		8C15241C1F10A10500819736 /* ViewController.swift */ = {isa = PBXFileReference; lastKnownFileType = sourcecode.swift; path = ViewController.swift; sourceTree = "<group>"; };
		8C15241F1F10A10500819736 /* Base */ = {isa = PBXFileReference; lastKnownFileType = file.storyboard; name = Base; path = Base.lproj/Main.storyboard; sourceTree = "<group>"; };
		8C1524211F10A10500819736 /* Assets.xcassets */ = {isa = PBXFileReference; lastKnownFileType = folder.assetcatalog; path = Assets.xcassets; sourceTree = "<group>"; };
		8C1524241F10A10500819736 /* Base */ = {isa = PBXFileReference; lastKnownFileType = file.storyboard; name = Base; path = Base.lproj/LaunchScreen.storyboard; sourceTree = "<group>"; };
		8C1524261F10A10500819736 /* Info.plist */ = {isa = PBXFileReference; lastKnownFileType = text.plist.xml; path = Info.plist; sourceTree = "<group>"; };
		8C15242B1F10A10500819736 /* BurgerFlipperTests.xctest */ = {isa = PBXFileReference; explicitFileType = wrapper.cfbundle; includeInIndex = 0; path = BurgerFlipperTests.xctest; sourceTree = BUILT_PRODUCTS_DIR; };
		8C15242F1F10A10500819736 /* BurgerFlipperTests.swift */ = {isa = PBXFileReference; lastKnownFileType = sourcecode.swift; path = BurgerFlipperTests.swift; sourceTree = "<group>"; };
		8C1524311F10A10500819736 /* Info.plist */ = {isa = PBXFileReference; lastKnownFileType = text.plist.xml; path = Info.plist; sourceTree = "<group>"; };
		8C1524361F10A10500819736 /* BurgerFlipperUITests.xctest */ = {isa = PBXFileReference; explicitFileType = wrapper.cfbundle; includeInIndex = 0; path = BurgerFlipperUITests.xctest; sourceTree = BUILT_PRODUCTS_DIR; };
		8C15243A1F10A10500819736 /* BurgerFlipperUITests.swift */ = {isa = PBXFileReference; lastKnownFileType = sourcecode.swift; path = BurgerFlipperUITests.swift; sourceTree = "<group>"; };
		8C15243C1F10A10500819736 /* Info.plist */ = {isa = PBXFileReference; lastKnownFileType = text.plist.xml; path = Info.plist; sourceTree = "<group>"; };
		8C9DE5B21F11CFE400E9E670 /* KDCircularProgress.swift */ = {isa = PBXFileReference; fileEncoding = 4; lastKnownFileType = sourcecode.swift; path = KDCircularProgress.swift; sourceTree = "<group>"; };
		F40C979A1F12DBE0007C20A5 /* bgm.mp3 */ = {isa = PBXFileReference; lastKnownFileType = audio.mp3; path = bgm.mp3; sourceTree = SOURCE_ROOT; };
		F40C979C1F12E61E007C20A5 /* flip.wav */ = {isa = PBXFileReference; lastKnownFileType = audio.wav; path = flip.wav; sourceTree = "<group>"; };
/* End PBXFileReference section */

/* Begin PBXFrameworksBuildPhase section */
		8C1524141F10A10500819736 /* Frameworks */ = {
			isa = PBXFrameworksBuildPhase;
			buildActionMask = 2147483647;
			files = (
			);
			runOnlyForDeploymentPostprocessing = 0;
		};
		8C1524281F10A10500819736 /* Frameworks */ = {
			isa = PBXFrameworksBuildPhase;
			buildActionMask = 2147483647;
			files = (
			);
			runOnlyForDeploymentPostprocessing = 0;
		};
		8C1524331F10A10500819736 /* Frameworks */ = {
			isa = PBXFrameworksBuildPhase;
			buildActionMask = 2147483647;
			files = (
			);
			runOnlyForDeploymentPostprocessing = 0;
		};
/* End PBXFrameworksBuildPhase section */

/* Begin PBXGroup section */
		8C15240E1F10A10500819736 = {
			isa = PBXGroup;
			children = (
				8C1524191F10A10500819736 /* BurgerFlipper */,
				8C15242E1F10A10500819736 /* BurgerFlipperTests */,
				8C1524391F10A10500819736 /* BurgerFlipperUITests */,
				8C1524181F10A10500819736 /* Products */,
				8C9DE5B21F11CFE400E9E670 /* KDCircularProgress.swift */,
			);
			sourceTree = "<group>";
		};
		8C1524181F10A10500819736 /* Products */ = {
			isa = PBXGroup;
			children = (
				8C1524171F10A10500819736 /* BurgerFlipper.app */,
				8C15242B1F10A10500819736 /* BurgerFlipperTests.xctest */,
				8C1524361F10A10500819736 /* BurgerFlipperUITests.xctest */,
			);
			name = Products;
			sourceTree = "<group>";
		};
		8C1524191F10A10500819736 /* BurgerFlipper */ = {
			isa = PBXGroup;
			children = (
				F40C97991F12DB67007C20A5 /* Music */,
				8C15241A1F10A10500819736 /* AppDelegate.swift */,
				8C15241C1F10A10500819736 /* ViewController.swift */,
				8C15241E1F10A10500819736 /* Main.storyboard */,
				8C1524211F10A10500819736 /* Assets.xcassets */,
				8C1524231F10A10500819736 /* LaunchScreen.storyboard */,
				8C1524261F10A10500819736 /* Info.plist */,
			);
			path = BurgerFlipper;
			sourceTree = "<group>";
		};
		8C15242E1F10A10500819736 /* BurgerFlipperTests */ = {
			isa = PBXGroup;
			children = (
				8C15242F1F10A10500819736 /* BurgerFlipperTests.swift */,
				8C1524311F10A10500819736 /* Info.plist */,
			);
			path = BurgerFlipperTests;
			sourceTree = "<group>";
		};
		8C1524391F10A10500819736 /* BurgerFlipperUITests */ = {
			isa = PBXGroup;
			children = (
				8C15243A1F10A10500819736 /* BurgerFlipperUITests.swift */,
				8C15243C1F10A10500819736 /* Info.plist */,
			);
			path = BurgerFlipperUITests;
			sourceTree = "<group>";
		};
		F40C97991F12DB67007C20A5 /* Music */ = {
			isa = PBXGroup;
			children = (
				F40C979C1F12E61E007C20A5 /* flip.wav */,
				F40C979A1F12DBE0007C20A5 /* bgm.mp3 */,
			);
			path = Music;
			sourceTree = "<group>";
		};
/* End PBXGroup section */

/* Begin PBXNativeTarget section */
		8C1524161F10A10500819736 /* BurgerFlipper */ = {
			isa = PBXNativeTarget;
			buildConfigurationList = 8C15243F1F10A10500819736 /* Build configuration list for PBXNativeTarget "BurgerFlipper" */;
			buildPhases = (
				8C1524131F10A10500819736 /* Sources */,
				8C1524141F10A10500819736 /* Frameworks */,
				8C1524151F10A10500819736 /* Resources */,
			);
			buildRules = (
			);
			dependencies = (
			);
			name = BurgerFlipper;
			productName = BurgerFlipper;
			productReference = 8C1524171F10A10500819736 /* BurgerFlipper.app */;
			productType = "com.apple.product-type.application";
		};
		8C15242A1F10A10500819736 /* BurgerFlipperTests */ = {
			isa = PBXNativeTarget;
			buildConfigurationList = 8C1524421F10A10500819736 /* Build configuration list for PBXNativeTarget "BurgerFlipperTests" */;
			buildPhases = (
				8C1524271F10A10500819736 /* Sources */,
				8C1524281F10A10500819736 /* Frameworks */,
				8C1524291F10A10500819736 /* Resources */,
			);
			buildRules = (
			);
			dependencies = (
				8C15242D1F10A10500819736 /* PBXTargetDependency */,
			);
			name = BurgerFlipperTests;
			productName = BurgerFlipperTests;
			productReference = 8C15242B1F10A10500819736 /* BurgerFlipperTests.xctest */;
			productType = "com.apple.product-type.bundle.unit-test";
		};
		8C1524351F10A10500819736 /* BurgerFlipperUITests */ = {
			isa = PBXNativeTarget;
			buildConfigurationList = 8C1524451F10A10500819736 /* Build configuration list for PBXNativeTarget "BurgerFlipperUITests" */;
			buildPhases = (
				8C1524321F10A10500819736 /* Sources */,
				8C1524331F10A10500819736 /* Frameworks */,
				8C1524341F10A10500819736 /* Resources */,
			);
			buildRules = (
			);
			dependencies = (
				8C1524381F10A10500819736 /* PBXTargetDependency */,
			);
			name = BurgerFlipperUITests;
			productName = BurgerFlipperUITests;
			productReference = 8C1524361F10A10500819736 /* BurgerFlipperUITests.xctest */;
			productType = "com.apple.product-type.bundle.ui-testing";
		};
/* End PBXNativeTarget section */

/* Begin PBXProject section */
		8C15240F1F10A10500819736 /* Project object */ = {
			isa = PBXProject;
			attributes = {
				LastSwiftUpdateCheck = 0830;
				LastUpgradeCheck = 0830;
				ORGANIZATIONNAME = "Kaan Kabalak";
				TargetAttributes = {
					8C1524161F10A10500819736 = {
						CreatedOnToolsVersion = 8.3.3;
						DevelopmentTeam = DV65A9T5A4;
						ProvisioningStyle = Automatic;
					};
					8C15242A1F10A10500819736 = {
						CreatedOnToolsVersion = 8.3.3;
						ProvisioningStyle = Automatic;
						TestTargetID = 8C1524161F10A10500819736;
					};
					8C1524351F10A10500819736 = {
						CreatedOnToolsVersion = 8.3.3;
						ProvisioningStyle = Automatic;
						TestTargetID = 8C1524161F10A10500819736;
					};
				};
			};
			buildConfigurationList = 8C1524121F10A10500819736 /* Build configuration list for PBXProject "BurgerFlipper" */;
			compatibilityVersion = "Xcode 3.2";
			developmentRegion = English;
			hasScannedForEncodings = 0;
			knownRegions = (
				en,
				Base,
			);
			mainGroup = 8C15240E1F10A10500819736;
			productRefGroup = 8C1524181F10A10500819736 /* Products */;
			projectDirPath = "";
			projectRoot = "";
			targets = (
				8C1524161F10A10500819736 /* BurgerFlipper */,
				8C15242A1F10A10500819736 /* BurgerFlipperTests */,
				8C1524351F10A10500819736 /* BurgerFlipperUITests */,
			);
		};
/* End PBXProject section */

/* Begin PBXResourcesBuildPhase section */
		8C1524151F10A10500819736 /* Resources */ = {
			isa = PBXResourcesBuildPhase;
			buildActionMask = 2147483647;
			files = (
				F40C979E1F12E649007C20A5 /* flip.wav in Resources */,
				F40C979B1F12DCF2007C20A5 /* bgm.mp3 in Resources */,
				8C1524251F10A10500819736 /* LaunchScreen.storyboard in Resources */,
				8C1524221F10A10500819736 /* Assets.xcassets in Resources */,
				8C1524201F10A10500819736 /* Main.storyboard in Resources */,
			);
			runOnlyForDeploymentPostprocessing = 0;
		};
		8C1524291F10A10500819736 /* Resources */ = {
			isa = PBXResourcesBuildPhase;
			buildActionMask = 2147483647;
			files = (
			);
			runOnlyForDeploymentPostprocessing = 0;
		};
		8C1524341F10A10500819736 /* Resources */ = {
			isa = PBXResourcesBuildPhase;
			buildActionMask = 2147483647;
			files = (
			);
			runOnlyForDeploymentPostprocessing = 0;
		};
/* End PBXResourcesBuildPhase section */

/* Begin PBXSourcesBuildPhase section */
		8C1524131F10A10500819736 /* Sources */ = {
			isa = PBXSourcesBuildPhase;
			buildActionMask = 2147483647;
			files = (
				8C9DE5B31F11CFE400E9E670 /* KDCircularProgress.swift in Sources */,
				8C15241D1F10A10500819736 /* ViewController.swift in Sources */,
				8C15241B1F10A10500819736 /* AppDelegate.swift in Sources */,
			);
			runOnlyForDeploymentPostprocessing = 0;
		};
		8C1524271F10A10500819736 /* Sources */ = {
			isa = PBXSourcesBuildPhase;
			buildActionMask = 2147483647;
			files = (
				8C1524301F10A10500819736 /* BurgerFlipperTests.swift in Sources */,
			);
			runOnlyForDeploymentPostprocessing = 0;
		};
		8C1524321F10A10500819736 /* Sources */ = {
			isa = PBXSourcesBuildPhase;
			buildActionMask = 2147483647;
			files = (
				8C15243B1F10A10500819736 /* BurgerFlipperUITests.swift in Sources */,
			);
			runOnlyForDeploymentPostprocessing = 0;
		};
/* End PBXSourcesBuildPhase section */

/* Begin PBXTargetDependency section */
		8C15242D1F10A10500819736 /* PBXTargetDependency */ = {
			isa = PBXTargetDependency;
			target = 8C1524161F10A10500819736 /* BurgerFlipper */;
			targetProxy = 8C15242C1F10A10500819736 /* PBXContainerItemProxy */;
		};
		8C1524381F10A10500819736 /* PBXTargetDependency */ = {
			isa = PBXTargetDependency;
			target = 8C1524161F10A10500819736 /* BurgerFlipper */;
			targetProxy = 8C1524371F10A10500819736 /* PBXContainerItemProxy */;
		};
/* End PBXTargetDependency section */

/* Begin PBXVariantGroup section */
		8C15241E1F10A10500819736 /* Main.storyboard */ = {
			isa = PBXVariantGroup;
			children = (
				8C15241F1F10A10500819736 /* Base */,
			);
			name = Main.storyboard;
			sourceTree = "<group>";
		};
		8C1524231F10A10500819736 /* LaunchScreen.storyboard */ = {
			isa = PBXVariantGroup;
			children = (
				8C1524241F10A10500819736 /* Base */,
			);
			name = LaunchScreen.storyboard;
			sourceTree = "<group>";
		};
/* End PBXVariantGroup section */

/* Begin XCBuildConfiguration section */
		8C15243D1F10A10500819736 /* Debug */ = {
			isa = XCBuildConfiguration;
			buildSettings = {
				ALWAYS_SEARCH_USER_PATHS = NO;
				CLANG_ANALYZER_NONNULL = YES;
				CLANG_ANALYZER_NUMBER_OBJECT_CONVERSION = YES_AGGRESSIVE;
				CLANG_CXX_LANGUAGE_STANDARD = "gnu++0x";
				CLANG_CXX_LIBRARY = "libc++";
				CLANG_ENABLE_MODULES = YES;
				CLANG_ENABLE_OBJC_ARC = YES;
				CLANG_WARN_BOOL_CONVERSION = YES;
				CLANG_WARN_CONSTANT_CONVERSION = YES;
				CLANG_WARN_DIRECT_OBJC_ISA_USAGE = YES_ERROR;
				CLANG_WARN_DOCUMENTATION_COMMENTS = YES;
				CLANG_WARN_EMPTY_BODY = YES;
				CLANG_WARN_ENUM_CONVERSION = YES;
				CLANG_WARN_INFINITE_RECURSION = YES;
				CLANG_WARN_INT_CONVERSION = YES;
				CLANG_WARN_OBJC_ROOT_CLASS = YES_ERROR;
				CLANG_WARN_SUSPICIOUS_MOVE = YES;
				CLANG_WARN_UNREACHABLE_CODE = YES;
				CLANG_WARN__DUPLICATE_METHOD_MATCH = YES;
				"CODE_SIGN_IDENTITY[sdk=iphoneos*]" = "iPhone Developer";
				COPY_PHASE_STRIP = NO;
				DEBUG_INFORMATION_FORMAT = dwarf;
				ENABLE_STRICT_OBJC_MSGSEND = YES;
				ENABLE_TESTABILITY = YES;
				GCC_C_LANGUAGE_STANDARD = gnu99;
				GCC_DYNAMIC_NO_PIC = NO;
				GCC_NO_COMMON_BLOCKS = YES;
				GCC_OPTIMIZATION_LEVEL = 0;
				GCC_PREPROCESSOR_DEFINITIONS = (
					"DEBUG=1",
					"$(inherited)",
				);
				GCC_WARN_64_TO_32_BIT_CONVERSION = YES;
				GCC_WARN_ABOUT_RETURN_TYPE = YES_ERROR;
				GCC_WARN_UNDECLARED_SELECTOR = YES;
				GCC_WARN_UNINITIALIZED_AUTOS = YES_AGGRESSIVE;
				GCC_WARN_UNUSED_FUNCTION = YES;
				GCC_WARN_UNUSED_VARIABLE = YES;
				IPHONEOS_DEPLOYMENT_TARGET = 10.3;
				MTL_ENABLE_DEBUG_INFO = YES;
				ONLY_ACTIVE_ARCH = YES;
				SDKROOT = iphoneos;
				SWIFT_ACTIVE_COMPILATION_CONDITIONS = DEBUG;
				SWIFT_OPTIMIZATION_LEVEL = "-Onone";
				TARGETED_DEVICE_FAMILY = "1,2";
			};
			name = Debug;
		};
		8C15243E1F10A10500819736 /* Release */ = {
			isa = XCBuildConfiguration;
			buildSettings = {
				ALWAYS_SEARCH_USER_PATHS = NO;
				CLANG_ANALYZER_NONNULL = YES;
				CLANG_ANALYZER_NUMBER_OBJECT_CONVERSION = YES_AGGRESSIVE;
				CLANG_CXX_LANGUAGE_STANDARD = "gnu++0x";
				CLANG_CXX_LIBRARY = "libc++";
				CLANG_ENABLE_MODULES = YES;
				CLANG_ENABLE_OBJC_ARC = YES;
				CLANG_WARN_BOOL_CONVERSION = YES;
				CLANG_WARN_CONSTANT_CONVERSION = YES;
				CLANG_WARN_DIRECT_OBJC_ISA_USAGE = YES_ERROR;
				CLANG_WARN_DOCUMENTATION_COMMENTS = YES;
				CLANG_WARN_EMPTY_BODY = YES;
				CLANG_WARN_ENUM_CONVERSION = YES;
				CLANG_WARN_INFINITE_RECURSION = YES;
				CLANG_WARN_INT_CONVERSION = YES;
				CLANG_WARN_OBJC_ROOT_CLASS = YES_ERROR;
				CLANG_WARN_SUSPICIOUS_MOVE = YES;
				CLANG_WARN_UNREACHABLE_CODE = YES;
				CLANG_WARN__DUPLICATE_METHOD_MATCH = YES;
				"CODE_SIGN_IDENTITY[sdk=iphoneos*]" = "iPhone Developer";
				COPY_PHASE_STRIP = NO;
				DEBUG_INFORMATION_FORMAT = "dwarf-with-dsym";
				ENABLE_NS_ASSERTIONS = NO;
				ENABLE_STRICT_OBJC_MSGSEND = YES;
				GCC_C_LANGUAGE_STANDARD = gnu99;
				GCC_NO_COMMON_BLOCKS = YES;
				GCC_WARN_64_TO_32_BIT_CONVERSION = YES;
				GCC_WARN_ABOUT_RETURN_TYPE = YES_ERROR;
				GCC_WARN_UNDECLARED_SELECTOR = YES;
				GCC_WARN_UNINITIALIZED_AUTOS = YES_AGGRESSIVE;
				GCC_WARN_UNUSED_FUNCTION = YES;
				GCC_WARN_UNUSED_VARIABLE = YES;
				IPHONEOS_DEPLOYMENT_TARGET = 10.3;
				MTL_ENABLE_DEBUG_INFO = NO;
				SDKROOT = iphoneos;
				SWIFT_OPTIMIZATION_LEVEL = "-Owholemodule";
				TARGETED_DEVICE_FAMILY = "1,2";
				VALIDATE_PRODUCT = YES;
			};
			name = Release;
		};
		8C1524401F10A10500819736 /* Debug */ = {
			isa = XCBuildConfiguration;
			buildSettings = {
				ASSETCATALOG_COMPILER_APPICON_NAME = AppIcon;
				DEVELOPMENT_TEAM = DV65A9T5A4;
				INFOPLIST_FILE = BurgerFlipper/Info.plist;
				LD_RUNPATH_SEARCH_PATHS = "$(inherited) @executable_path/Frameworks";
				PRODUCT_BUNDLE_IDENTIFIER = com.ericklui.BurgerFlipper;
				PRODUCT_NAME = "$(TARGET_NAME)";
				SWIFT_VERSION = 3.0;
			};
			name = Debug;
		};
		8C1524411F10A10500819736 /* Release */ = {
			isa = XCBuildConfiguration;
			buildSettings = {
				ASSETCATALOG_COMPILER_APPICON_NAME = AppIcon;
				DEVELOPMENT_TEAM = DV65A9T5A4;
				INFOPLIST_FILE = BurgerFlipper/Info.plist;
				LD_RUNPATH_SEARCH_PATHS = "$(inherited) @executable_path/Frameworks";
				PRODUCT_BUNDLE_IDENTIFIER = com.ericklui.BurgerFlipper;
				PRODUCT_NAME = "$(TARGET_NAME)";
				SWIFT_VERSION = 3.0;
			};
			name = Release;
		};
		8C1524431F10A10500819736 /* Debug */ = {
			isa = XCBuildConfiguration;
			buildSettings = {
				ALWAYS_EMBED_SWIFT_STANDARD_LIBRARIES = YES;
				BUNDLE_LOADER = "$(TEST_HOST)";
				INFOPLIST_FILE = BurgerFlipperTests/Info.plist;
				LD_RUNPATH_SEARCH_PATHS = "$(inherited) @executable_path/Frameworks @loader_path/Frameworks";
				PRODUCT_BUNDLE_IDENTIFIER = com.codingdojo.BurgerFlipperTests;
				PRODUCT_NAME = "$(TARGET_NAME)";
				SWIFT_VERSION = 3.0;
				TEST_HOST = "$(BUILT_PRODUCTS_DIR)/BurgerFlipper.app/BurgerFlipper";
			};
			name = Debug;
		};
		8C1524441F10A10500819736 /* Release */ = {
			isa = XCBuildConfiguration;
			buildSettings = {
				ALWAYS_EMBED_SWIFT_STANDARD_LIBRARIES = YES;
				BUNDLE_LOADER = "$(TEST_HOST)";
				INFOPLIST_FILE = BurgerFlipperTests/Info.plist;
				LD_RUNPATH_SEARCH_PATHS = "$(inherited) @executable_path/Frameworks @loader_path/Frameworks";
				PRODUCT_BUNDLE_IDENTIFIER = com.codingdojo.BurgerFlipperTests;
				PRODUCT_NAME = "$(TARGET_NAME)";
				SWIFT_VERSION = 3.0;
				TEST_HOST = "$(BUILT_PRODUCTS_DIR)/BurgerFlipper.app/BurgerFlipper";
			};
			name = Release;
		};
		8C1524461F10A10500819736 /* Debug */ = {
			isa = XCBuildConfiguration;
			buildSettings = {
				ALWAYS_EMBED_SWIFT_STANDARD_LIBRARIES = YES;
				INFOPLIST_FILE = BurgerFlipperUITests/Info.plist;
				LD_RUNPATH_SEARCH_PATHS = "$(inherited) @executable_path/Frameworks @loader_path/Frameworks";
				PRODUCT_BUNDLE_IDENTIFIER = com.codingdojo.BurgerFlipperUITests;
				PRODUCT_NAME = "$(TARGET_NAME)";
				SWIFT_VERSION = 3.0;
				TEST_TARGET_NAME = BurgerFlipper;
			};
			name = Debug;
		};
		8C1524471F10A10500819736 /* Release */ = {
			isa = XCBuildConfiguration;
			buildSettings = {
				ALWAYS_EMBED_SWIFT_STANDARD_LIBRARIES = YES;
				INFOPLIST_FILE = BurgerFlipperUITests/Info.plist;
				LD_RUNPATH_SEARCH_PATHS = "$(inherited) @executable_path/Frameworks @loader_path/Frameworks";
				PRODUCT_BUNDLE_IDENTIFIER = com.codingdojo.BurgerFlipperUITests;
				PRODUCT_NAME = "$(TARGET_NAME)";
				SWIFT_VERSION = 3.0;
				TEST_TARGET_NAME = BurgerFlipper;
			};
			name = Release;
		};
/* End XCBuildConfiguration section */

/* Begin XCConfigurationList section */
		8C1524121F10A10500819736 /* Build configuration list for PBXProject "BurgerFlipper" */ = {
			isa = XCConfigurationList;
			buildConfigurations = (
				8C15243D1F10A10500819736 /* Debug */,
				8C15243E1F10A10500819736 /* Release */,
			);
			defaultConfigurationIsVisible = 0;
			defaultConfigurationName = Release;
		};
		8C15243F1F10A10500819736 /* Build configuration list for PBXNativeTarget "BurgerFlipper" */ = {
			isa = XCConfigurationList;
			buildConfigurations = (
				8C1524401F10A10500819736 /* Debug */,
				8C1524411F10A10500819736 /* Release */,
			);
			defaultConfigurationIsVisible = 0;
			defaultConfigurationName = Release;
		};
		8C1524421F10A10500819736 /* Build configuration list for PBXNativeTarget "BurgerFlipperTests" */ = {
			isa = XCConfigurationList;
			buildConfigurations = (
				8C1524431F10A10500819736 /* Debug */,
				8C1524441F10A10500819736 /* Release */,
			);
			defaultConfigurationIsVisible = 0;
			defaultConfigurationName = Release;
		};
		8C1524451F10A10500819736 /* Build configuration list for PBXNativeTarget "BurgerFlipperUITests" */ = {
			isa = XCConfigurationList;
			buildConfigurations = (
				8C1524461F10A10500819736 /* Debug */,
				8C1524471F10A10500819736 /* Release */,
			);
			defaultConfigurationIsVisible = 0;
			defaultConfigurationName = Release;
		};
/* End XCConfigurationList section */
	};
	rootObject = 8C15240F1F10A10500819736 /* Project object */;
}
